
Microsoft Visual Studio Solution File, Format Version 12.00
# Visual Studio Version 16
VisualStudioVersion = 16.0.29709.97
MinimumVisualStudioVersion = 10.0.40219.1
Project("{FAE04EC0-301F-11D3-BF4B-00C04F79EFBC}") = "Prueba2", "Prueba2\Prueba2.csproj", "{824ADCB6-2DFE-4B72-8B71-CCC0B69EF18E}"
EndProject
Global
	GlobalSection(SolutionConfigurationPlatforms) = preSolution
		Debug|Any CPU = Debug|Any CPU
		Release|Any CPU = Release|Any CPU
	EndGlobalSection
	GlobalSection(ProjectConfigurationPlatforms) = postSolution
		{824ADCB6-2DFE-4B72-8B71-CCC0B69EF18E}.Debug|Any CPU.ActiveCfg = Debug|Any CPU
		{824ADCB6-2DFE-4B72-8B71-CCC0B69EF18E}.Debug|Any CPU.Build.0 = Debug|Any CPU
		{824ADCB6-2DFE-4B72-8B71-CCC0B69EF18E}.Release|Any CPU.ActiveCfg = Release|Any CPU
		{824ADCB6-2DFE-4B72-8B71-CCC0B69EF18E}.Release|Any CPU.Build.0 = Release|Any CPU
	EndGlobalSection
	GlobalSection(SolutionProperties) = preSolution
		HideSolutionNode = FALSE
	EndGlobalSection
	GlobalSection(ExtensibilityGlobals) = postSolution
		SolutionGuid = {4526442B-5CFB-459F-B682-6F5A792F31C9}
	EndGlobalSection
EndGlobal
